{
  "name": "chokidar-app",
  "lockfileVersion": 3,
  "requires": true,
  "packages": {
    "": {
      "devDependencies": {
        "laravel-echo": "^2.0.0",
        "pusher-js": "^8.4.0"
      }
    },
    "node_modules/laravel-echo": {
      "version": "2.0.0",
      "resolved": "https://registry.npmjs.org/laravel-echo/-/laravel-echo-2.0.0.tgz",
      "integrity": "sha512-ljAzBizPQolXIo1AjdKVladgs3bPv1h2aPhblc6J+Xy/er34mRv07Ix+qjnBk/0LK3S8Yamf83ey3pe+DgWrHQ==",
      "dev": true,
      "license": "MIT",
      "engines": {
        "node": ">=20"
      }
    },
    "node_modules/pusher-js": {
      "version": "8.4.0",
      "resolved": "https://registry.npmjs.org/pusher-js/-/pusher-js-8.4.0.tgz",
      "integrity": "sha512-wp3HqIIUc1GRyu1XrP6m2dgyE9MoCsXVsWNlohj0rjSkLf+a0jLvEyVubdg58oMk7bhjBWnFClgp8jfAa6Ak4Q==",
      "dev": true,
      "license": "MIT",
      "dependencies": {
        "tweetnacl": "^1.0.3"
      }
    },
    "node_modules/tweetnacl": {
      "version": "1.0.3",
      "resolved": "https://registry.npmjs.org/tweetnacl/-/tweetnacl-1.0.3.tgz",
      "integrity": "sha512-6rt+RN7aOi1nGMyC4Xa5DdYiukl2UWCbcJft7YhxReBGQD7OAM8Pbxw6YMo4r2diNEA8FEmu32YOn9rhaiE5yw==",
      "dev": true,
      "license": "Unlicense"
    }
  }
}
